
Microsoft Visual Studio Solution File, Format Version 12.00
# Visual Studio 15
VisualStudioVersion = 15.0.28307.329
MinimumVisualStudioVersion = 10.0.40219.1
Project("{FAE04EC0-301F-11D3-BF4B-00C04F79EFBC}") = "Word_Pdf", "Word_Pdf\Word_Pdf.csproj", "{4F4DC157-2D7A-4079-80D1-8A78742BAFAC}"
EndProject
Global
	GlobalSection(SolutionConfigurationPlatforms) = preSolution
		Debug|Any CPU = Debug|Any CPU
		Release|Any CPU = Release|Any CPU
	EndGlobalSection
	GlobalSection(ProjectConfigurationPlatforms) = postSolution
		{4F4DC157-2D7A-4079-80D1-8A78742BAFAC}.Debug|Any CPU.ActiveCfg = Debug|Any CPU
		{4F4DC157-2D7A-4079-80D1-8A78742BAFAC}.Debug|Any CPU.Build.0 = Debug|Any CPU
		{4F4DC157-2D7A-4079-80D1-8A78742BAFAC}.Release|Any CPU.ActiveCfg = Release|Any CPU
		{4F4DC157-2D7A-4079-80D1-8A78742BAFAC}.Release|Any CPU.Build.0 = Release|Any CPU
	EndGlobalSection
	GlobalSection(SolutionProperties) = preSolution
		HideSolutionNode = FALSE
	EndGlobalSection
	GlobalSection(ExtensibilityGlobals) = postSolution
		SolutionGuid = {C92BC87C-E53C-4BB1-A5C0-DCD89FECC2F3}
	EndGlobalSection
EndGlobal
